
Microsoft Visual Studio Solution File, Format Version 12.00
# Visual Studio 15
VisualStudioVersion = 15.0.28307.572
MinimumVisualStudioVersion = 10.0.40219.1
Project("{FAE04EC0-301F-11D3-BF4B-00C04F79EFBC}") = "Assignment8", "Assignment8\Assignment8.csproj", "{FB083E1C-3DF2-4A78-A0D5-06E671E44585}"
EndProject
Global
	GlobalSection(SolutionConfigurationPlatforms) = preSolution
		Debug|Any CPU = Debug|Any CPU
		Release|Any CPU = Release|Any CPU
	EndGlobalSection
	GlobalSection(ProjectConfigurationPlatforms) = postSolution
		{FB083E1C-3DF2-4A78-A0D5-06E671E44585}.Debug|Any CPU.ActiveCfg = Debug|Any CPU
		{FB083E1C-3DF2-4A78-A0D5-06E671E44585}.Debug|Any CPU.Build.0 = Debug|Any CPU
		{FB083E1C-3DF2-4A78-A0D5-06E671E44585}.Release|Any CPU.ActiveCfg = Release|Any CPU
		{FB083E1C-3DF2-4A78-A0D5-06E671E44585}.Release|Any CPU.Build.0 = Release|Any CPU
	EndGlobalSection
	GlobalSection(SolutionProperties) = preSolution
		HideSolutionNode = FALSE
	EndGlobalSection
	GlobalSection(ExtensibilityGlobals) = postSolution
		SolutionGuid = {B052541A-0AAC-4946-A1AE-3E097C3A1FD3}
	EndGlobalSection
EndGlobal
