
Microsoft Visual Studio Solution File, Format Version 12.00
# Visual Studio 15
VisualStudioVersion = 15.0.28307.572
MinimumVisualStudioVersion = 10.0.40219.1
Project("{FAE04EC0-301F-11D3-BF4B-00C04F79EFBC}") = "Assignment9", "Assignment9\Assignment9.csproj", "{3748AE1C-6B2D-4F1A-AAA7-A9F45770E73E}"
EndProject
Global
	GlobalSection(SolutionConfigurationPlatforms) = preSolution
		Debug|Any CPU = Debug|Any CPU
		Release|Any CPU = Release|Any CPU
	EndGlobalSection
	GlobalSection(ProjectConfigurationPlatforms) = postSolution
		{3748AE1C-6B2D-4F1A-AAA7-A9F45770E73E}.Debug|Any CPU.ActiveCfg = Debug|Any CPU
		{3748AE1C-6B2D-4F1A-AAA7-A9F45770E73E}.Debug|Any CPU.Build.0 = Debug|Any CPU
		{3748AE1C-6B2D-4F1A-AAA7-A9F45770E73E}.Release|Any CPU.ActiveCfg = Release|Any CPU
		{3748AE1C-6B2D-4F1A-AAA7-A9F45770E73E}.Release|Any CPU.Build.0 = Release|Any CPU
	EndGlobalSection
	GlobalSection(SolutionProperties) = preSolution
		HideSolutionNode = FALSE
	EndGlobalSection
	GlobalSection(ExtensibilityGlobals) = postSolution
		SolutionGuid = {F89A5EF0-4E67-4DDD-B34E-A8F1194A0AAF}
	EndGlobalSection
EndGlobal
