
Microsoft Visual Studio Solution File, Format Version 12.00
# Visual Studio 15
VisualStudioVersion = 15.0.28307.572
MinimumVisualStudioVersion = 10.0.40219.1
Project("{FAE04EC0-301F-11D3-BF4B-00C04F79EFBC}") = "DemoGeneric", "DemoGeneric\DemoGeneric.csproj", "{C9322DBD-4446-4F99-80D1-BB175CFDC2E2}"
EndProject
Global
	GlobalSection(SolutionConfigurationPlatforms) = preSolution
		Debug|Any CPU = Debug|Any CPU
		Release|Any CPU = Release|Any CPU
	EndGlobalSection
	GlobalSection(ProjectConfigurationPlatforms) = postSolution
		{C9322DBD-4446-4F99-80D1-BB175CFDC2E2}.Debug|Any CPU.ActiveCfg = Debug|Any CPU
		{C9322DBD-4446-4F99-80D1-BB175CFDC2E2}.Debug|Any CPU.Build.0 = Debug|Any CPU
		{C9322DBD-4446-4F99-80D1-BB175CFDC2E2}.Release|Any CPU.ActiveCfg = Release|Any CPU
		{C9322DBD-4446-4F99-80D1-BB175CFDC2E2}.Release|Any CPU.Build.0 = Release|Any CPU
	EndGlobalSection
	GlobalSection(SolutionProperties) = preSolution
		HideSolutionNode = FALSE
	EndGlobalSection
	GlobalSection(ExtensibilityGlobals) = postSolution
		SolutionGuid = {5BA17994-DC20-45D5-BCEF-9B3E793967E6}
	EndGlobalSection
EndGlobal
